
Microsoft Visual Studio Solution File, Format Version 12.00
# Visual Studio Version 17
VisualStudioVersion = 17.5.002.0
MinimumVisualStudioVersion = 10.0.40219.1
Project("{9A19103F-16F7-4668-BE54-9A1E7A4F7556}") = "BackendAPI1", "BackendAPI1.csproj", "{9EC8309E-4723-4724-B11B-9B93F95FFFF8}"
EndProject
Global
	GlobalSection(SolutionConfigurationPlatforms) = preSolution
		Debug|Any CPU = Debug|Any CPU
		Release|Any CPU = Release|Any CPU
	EndGlobalSection
	GlobalSection(ProjectConfigurationPlatforms) = postSolution
		{9EC8309E-4723-4724-B11B-9B93F95FFFF8}.Debug|Any CPU.ActiveCfg = Debug|Any CPU
		{9EC8309E-4723-4724-B11B-9B93F95FFFF8}.Debug|Any CPU.Build.0 = Debug|Any CPU
		{9EC8309E-4723-4724-B11B-9B93F95FFFF8}.Release|Any CPU.ActiveCfg = Release|Any CPU
		{9EC8309E-4723-4724-B11B-9B93F95FFFF8}.Release|Any CPU.Build.0 = Release|Any CPU
	EndGlobalSection
	GlobalSection(SolutionProperties) = preSolution
		HideSolutionNode = FALSE
	EndGlobalSection
	GlobalSection(ExtensibilityGlobals) = postSolution
		SolutionGuid = {E1CE9F16-C7EF-4A31-86F4-961DAE7F003D}
	EndGlobalSection
EndGlobal
